<?xml version="1.0" encoding="utf-8"?>
<Project ToolsVersion="4.0" xmlns="http://schemas.microsoft.com/developer/msbuild/2003">
  <ItemGroup>
    <ClCompile Include="..\..\src\Engine\Application.cpp" />
    <ClCompile Include="..\..\Src\Engine\SpotLightRC.cpp" />
    <ClCompile Include="..\..\Src\Engine\OgreSDLContext.cpp" />
    <ClCompile Include="..\..\src\Engine\CameraRC.cpp" />
    <ClCompile Include="..\..\src\Engine\Component.cpp" />
    <ClCompile Include="..\..\src\Engine\ComponentsManager.cpp" />
    <ClCompile Include="..\..\Src\Engine\DebugDrawer.cpp" />
    <ClCompile Include="..\..\src\Engine\Entity.cpp" />
    <ClCompile Include="..\..\src\Engine\FactoriesFactory.cpp" />
    <ClCompile Include="..\..\src\Engine\Factory.cpp" />
    <ClCompile Include="..\..\src\Engine\Game.cpp" />
    <ClCompile Include="..\..\src\Engine\InputComponent.cpp" />
    <ClCompile Include="..\..\src\Engine\Loader.cpp" />
    <ClCompile Include="..\..\src\Engine\PhysicsComponent.cpp" />
    <ClCompile Include="..\..\src\Engine\RenderComponent.cpp" />
    <ClCompile Include="..\..\src\Engine\Scene.cpp" />
    <ClCompile Include="..\..\Src\Engine\RTSSDefaultTechniqueListener.cpp" />
    <ClCompile Include="..\..\src\Engine\SoundComponent.cpp" />
    <ClCompile Include="..\..\Src\Engine\PhysicsContext.cpp" />
    <ClCompile Include="..\..\src\Engine\TestComponent.cpp" />
    <ClCompile Include="..\..\src\Engine\TransformComponent.cpp" />
    <ClCompile Include="..\..\Src\Engine\TridimensionalObjectRC.cpp" />
    <ClCompile Include="..\..\Src\Engine\RigidbodyPC.cpp" />
    <ClCompile Include="..\..\Src\Engine\GunC.cpp" />
    <ClCompile Include="..\..\Src\Engine\PlayerShotIC.cpp" />
    <ClCompile Include="..\..\Src\Engine\LifeC.cpp" />
    <ClCompile Include="..\..\Src\Engine\RigidbodyPC.cpp" />
    <ClCompile Include="..\..\Src\Engine\EventComponent.cpp" />
    <ClCompile Include="..\..\Src\Engine\PlayerMovementIC.cpp" />
    <ClCompile Include="..\..\Src\Engine\SpawnerFloorRandomEC.cpp" />
    <ClCompile Include="..\..\Src\Engine\SpawnerEnemiesEC.cpp" />
    <ClCompile Include="..\..\Src\Engine\SpawnerEC.cpp" />
  </ItemGroup>
  <ItemGroup>
    <ClInclude Include="..\..\Src\Engine\SpotLightRC.h" />
    <ClInclude Include="..\..\Src\Engine\OgreSDLContext.h" />
    <ClInclude Include="..\..\src\Engine\CameraRC.h" />
    <ClInclude Include="..\..\Src\Engine\checkML.h" />
    <ClInclude Include="..\..\src\Engine\Component.h" />
    <ClInclude Include="..\..\src\Engine\ComponentsManager.h" />
    <ClInclude Include="..\..\Src\Engine\DebugDrawer.h" />
    <ClInclude Include="..\..\src\Engine\Entity.h" />
    <ClInclude Include="..\..\src\Engine\FactoriesFactory.h" />
    <ClInclude Include="..\..\src\Engine\Factory.h" />
    <ClInclude Include="..\..\src\Engine\Game.h" />
    <ClInclude Include="..\..\src\Engine\InputComponent.h" />
    <ClInclude Include="..\..\src\Engine\Loader.h" />
    <ClInclude Include="..\..\src\Engine\PhysicsComponent.h" />
    <ClInclude Include="..\..\src\Engine\RenderComponent.h" />
    <ClInclude Include="..\..\src\Engine\Scene.h" />
    <ClInclude Include="..\..\Src\Engine\RTSSDefaultTechniqueListener.h" />
    <ClInclude Include="..\..\src\Engine\SoundComponent.h" />
    <ClInclude Include="..\..\Src\Engine\PhysicsContext.h" />
    <ClInclude Include="..\..\src\Engine\TestComponent.h" />
    <ClInclude Include="..\..\src\Engine\TransformComponent.h" />
    <ClInclude Include="..\..\Src\Engine\TridimensionalObjectRC.h" />
    <ClInclude Include="..\..\Src\Engine\RigidbodyPC.h" />
    <ClInclude Include="..\..\Src\Engine\GunC.h" />
    <ClInclude Include="..\..\Src\Engine\PlayerShotIC.h" />
    <ClInclude Include="..\..\Src\Engine\LifeC.h" />
    <ClInclude Include="..\..\Src\Engine\EventComponent.h" />
    <ClInclude Include="..\..\Src\Engine\RigidbodyPC.h" />
    <ClInclude Include="..\..\Src\Engine\PlayerMovementIC.h" />
    <ClInclude Include="..\..\Src\Engine\SpawnerFloorRandomEC.h" />
    <ClInclude Include="..\..\Src\Engine\SpawnerEnemiesEC.h" />
    <ClInclude Include="..\..\Src\Engine\SpawnerEC.h" />
  </ItemGroup>
</Project>