<?xml version="1.0" encoding="utf-8"?>
<Project ToolsVersion="4.0" xmlns="http://schemas.microsoft.com/developer/msbuild/2003">
  <ItemGroup>
    <ClCompile Include="..\..\Src\Engine\RigidbodyPC.cpp" />
    <ClCompile Include="..\..\src\Engine\Component.cpp">
      <Filter>Components</Filter>
    </ClCompile>
    <ClCompile Include="..\..\src\Engine\InputComponent.cpp">
      <Filter>Components\Input</Filter>
    </ClCompile>
    <ClCompile Include="..\..\src\Engine\PhysicsComponent.cpp">
      <Filter>Components\Physics</Filter>
    </ClCompile>
    <ClCompile Include="..\..\Src\Engine\PlayerMovementIC.cpp">
      <Filter>Components\Input</Filter>
    </ClCompile>
    <ClCompile Include="..\..\Src\Engine\SpotLightRC.cpp">
      <Filter>Components\Render</Filter>
    </ClCompile>
    <ClCompile Include="..\..\Src\Engine\TridimensionalObjectRC.cpp">
      <Filter>Components\Render</Filter>
    </ClCompile>
    <ClCompile Include="..\..\Src\Engine\GunC.cpp">
      <Filter>Components\Other</Filter>
    </ClCompile>
    <ClCompile Include="..\..\Src\Engine\LifeC.cpp">
      <Filter>Components\Other</Filter>
    </ClCompile>
    <ClCompile Include="..\..\Src\Engine\PlayerShotIC.cpp">
      <Filter>Components\Input</Filter>
    </ClCompile>
    <ClCompile Include="..\..\Src\Engine\RigidbodyPC.cpp">
      <Filter>Components\Physics</Filter>
    </ClCompile>
    <ClCompile Include="..\..\src\Engine\TransformComponent.cpp">
      <Filter>Components\Other</Filter>
    </ClCompile>
    <ClCompile Include="..\..\Src\Engine\EventComponent.cpp">
      <Filter>Components\Events</Filter>
    </ClCompile>
    <ClCompile Include="..\..\Src\Engine\SpawnerEnemiesEC.cpp">
      <Filter>Components\Events</Filter>
    </ClCompile>
    <ClCompile Include="..\..\Src\Engine\SpawnerFloorRandomEC.cpp">
      <Filter>Components\Events</Filter>
    </ClCompile>
    <ClCompile Include="..\..\src\Engine\SoundComponent.cpp">
      <Filter>Components\Sound</Filter>
    </ClCompile>
    <ClCompile Include="..\..\src\Engine\CameraRC.cpp">
      <Filter>Components\Render</Filter>
    </ClCompile>
    <ClCompile Include="..\..\src\Engine\RenderComponent.cpp">
      <Filter>Components\Render</Filter>
    </ClCompile>
    <ClCompile Include="..\..\src\Engine\FactoriesFactory.cpp">
      <Filter>Factories</Filter>
    </ClCompile>
    <ClCompile Include="..\..\Src\Engine\OgreSDLContext.cpp">
      <Filter>Ogre</Filter>
    </ClCompile>
    <ClCompile Include="..\..\Src\Engine\DebugDrawer.cpp">
      <Filter>Ogre</Filter>
    </ClCompile>
    <ClCompile Include="..\..\Src\Engine\RTSSDefaultTechniqueListener.cpp">
      <Filter>Ogre</Filter>
    </ClCompile>
    <ClCompile Include="..\..\src\Engine\Loader.cpp">
      <Filter>Misc</Filter>
    </ClCompile>
    <ClCompile Include="..\..\src\Engine\Game.cpp">
      <Filter>Core</Filter>
    </ClCompile>
    <ClCompile Include="..\..\src\Engine\Entity.cpp">
      <Filter>Core</Filter>
    </ClCompile>
    <ClCompile Include="..\..\src\Engine\Application.cpp">
      <Filter>Core</Filter>
    </ClCompile>
    <ClCompile Include="..\..\src\Engine\Scene.cpp">
      <Filter>Core</Filter>
    </ClCompile>
    <ClCompile Include="..\..\Src\Engine\PhysicsContext.cpp">
      <Filter>Physics</Filter>
    </ClCompile>
    <ClCompile Include="..\..\src\Engine\ComponentsManager.cpp">
      <Filter>Core</Filter>
    </ClCompile>
    <ClCompile Include="..\..\Src\Engine\SpawnerEC.cpp">
      <Filter>Components\Events</Filter>
    </ClCompile>
    <ClCompile Include="..\..\Src\Engine\ChangeGravityIC.cpp">
      <Filter>Components\Input</Filter>
    </ClCompile>
    <ClCompile Include="..\..\Src\Engine\OrientateToMouseIC.cpp">
      <Filter>Components\Input</Filter>
    </ClCompile>
    <ClCompile Include="..\..\Src\Engine\HandGunC.cpp">
      <Filter>Components\Other</Filter>
    </ClCompile>
    <ClCompile Include="..\..\Src\Engine\SpawnerBulletsC.cpp">
      <Filter>Components\Other</Filter>
    </ClCompile>
    <ClCompile Include="..\..\Src\Engine\WeaponControllerIC.cpp">
      <Filter>Components\Input</Filter>
    </ClCompile>
    <ClCompile Include="..\..\Src\Engine\EnemyBehaviourEC.cpp">
      <Filter>Components\Events</Filter>
    </ClCompile>
    <ClCompile Include="..\..\Src\Engine\MeleeEnemyBehaviourEC.cpp">
      <Filter>Components\Events</Filter>
    </ClCompile>
    <ClCompile Include="..\..\Src\Engine\InvulnerabilityShield.cpp">
      <Filter>Components\Events</Filter>
    </ClCompile>
    <ClCompile Include="..\..\Src\Engine\PowerUpEC.cpp">
      <Filter>Components\Events</Filter>
    </ClCompile>
    <ClCompile Include="..\..\Src\Engine\MedkitEC.cpp">
      <Filter>Components\Events</Filter>
    </ClCompile>
    <ClCompile Include="..\..\Src\Engine\IncreaseSpeedEC.cpp">
      <Filter>Components\Events</Filter>
    </ClCompile>
    <ClCompile Include="..\..\Src\Engine\ShotgunPowerUpC.cpp">
      <Filter>Components\Other</Filter>
    </ClCompile>
    <ClCompile Include="..\..\Src\Engine\OnEPressPickUpIC.cpp">
      <Filter>Components\Input</Filter>
    </ClCompile>
  </ItemGroup>
  <ItemGroup>
    <ClInclude Include="..\..\Src\Engine\RigidbodyPC.h" />
    <ClInclude Include="..\..\src\Engine\Component.h">
      <Filter>Components</Filter>
    </ClInclude>
    <ClInclude Include="..\..\src\Engine\InputComponent.h">
      <Filter>Components\Input</Filter>
    </ClInclude>
    <ClInclude Include="..\..\src\Engine\PhysicsComponent.h">
      <Filter>Components\Physics</Filter>
    </ClInclude>
    <ClInclude Include="..\..\Src\Engine\PlayerMovementIC.h">
      <Filter>Components\Input</Filter>
    </ClInclude>
    <ClInclude Include="..\..\Src\Engine\SpotLightRC.h">
      <Filter>Components\Render</Filter>
    </ClInclude>
    <ClInclude Include="..\..\Src\Engine\TridimensionalObjectRC.h">
      <Filter>Components\Render</Filter>
    </ClInclude>
    <ClInclude Include="..\..\Src\Engine\GunC.h">
      <Filter>Components\Other</Filter>
    </ClInclude>
    <ClInclude Include="..\..\Src\Engine\LifeC.h">
      <Filter>Components\Other</Filter>
    </ClInclude>
    <ClInclude Include="..\..\Src\Engine\PlayerShotIC.h">
      <Filter>Components\Input</Filter>
    </ClInclude>
    <ClInclude Include="..\..\Src\Engine\RigidbodyPC.h">
      <Filter>Components\Physics</Filter>
    </ClInclude>
    <ClInclude Include="..\..\src\Engine\TransformComponent.h">
      <Filter>Components\Other</Filter>
    </ClInclude>
    <ClInclude Include="..\..\Src\Engine\EventComponent.h">
      <Filter>Components\Events</Filter>
    </ClInclude>
    <ClInclude Include="..\..\Src\Engine\SpawnerEnemiesEC.h">
      <Filter>Components\Events</Filter>
    </ClInclude>
    <ClInclude Include="..\..\Src\Engine\SpawnerFloorRandomEC.h">
      <Filter>Components\Events</Filter>
    </ClInclude>
    <ClInclude Include="..\..\src\Engine\SoundComponent.h">
      <Filter>Components\Sound</Filter>
    </ClInclude>
    <ClInclude Include="..\..\src\Engine\CameraRC.h">
      <Filter>Components\Render</Filter>
    </ClInclude>
    <ClInclude Include="..\..\src\Engine\RenderComponent.h">
      <Filter>Components\Render</Filter>
    </ClInclude>
    <ClInclude Include="..\..\Src\Engine\checkML.h">
      <Filter>Misc</Filter>
    </ClInclude>
    <ClInclude Include="..\..\src\Engine\FactoriesFactory.h">
      <Filter>Factories</Filter>
    </ClInclude>
    <ClInclude Include="..\..\src\Engine\Factory.h">
      <Filter>Factories</Filter>
    </ClInclude>
    <ClInclude Include="..\..\Src\Engine\OgreSDLContext.h">
      <Filter>Ogre</Filter>
    </ClInclude>
    <ClInclude Include="..\..\Src\Engine\DebugDrawer.h">
      <Filter>Ogre</Filter>
    </ClInclude>
    <ClInclude Include="..\..\Src\Engine\RTSSDefaultTechniqueListener.h">
      <Filter>Ogre</Filter>
    </ClInclude>
    <ClInclude Include="..\..\src\Engine\Loader.h">
      <Filter>Misc</Filter>
    </ClInclude>
    <ClInclude Include="..\..\src\Engine\Game.h">
      <Filter>Core</Filter>
    </ClInclude>
    <ClInclude Include="..\..\src\Engine\Entity.h">
      <Filter>Core</Filter>
    </ClInclude>
    <ClInclude Include="..\..\src\Engine\Scene.h">
      <Filter>Core</Filter>
    </ClInclude>
    <ClInclude Include="..\..\Src\Engine\PhysicsContext.h">
      <Filter>Physics</Filter>
    </ClInclude>
    <ClInclude Include="..\..\src\Engine\ComponentsManager.h">
      <Filter>Core</Filter>
    </ClInclude>
    <ClInclude Include="..\..\Src\Engine\SpawnerEC.h">
      <Filter>Components\Events</Filter>
    </ClInclude>
    <ClInclude Include="..\..\Src\Engine\ChangeGravityIC.h">
      <Filter>Components\Input</Filter>
    </ClInclude>
    <ClInclude Include="..\..\Src\Engine\OrientateToMouseIC.h">
      <Filter>Components\Input</Filter>
    </ClInclude>
    <ClInclude Include="..\..\Src\Engine\HandGunC.h">
      <Filter>Components\Other</Filter>
    </ClInclude>
    <ClInclude Include="..\..\Src\Engine\SpawnerBulletsC.h">
      <Filter>Components\Other</Filter>
    </ClInclude>
    <ClInclude Include="..\..\Src\Engine\WeaponControllerIC.h">
      <Filter>Components\Input</Filter>
    </ClInclude>
    <ClInclude Include="..\..\Src\Engine\EnemyBehaviourEC.h">
      <Filter>Components\Events</Filter>
    </ClInclude>
    <ClInclude Include="..\..\Src\Engine\MeleeEnemyBehaviourEC.h">
      <Filter>Components\Events</Filter>
    </ClInclude>
    <ClInclude Include="..\..\Src\Engine\InvulnerabilityShield.h">
      <Filter>Components\Events</Filter>
    </ClInclude>
    <ClInclude Include="..\..\Src\Engine\PowerUpEC.h">
      <Filter>Components\Events</Filter>
    </ClInclude>
    <ClInclude Include="..\..\Src\Engine\MedkitEC.h">
      <Filter>Components\Events</Filter>
    </ClInclude>
    <ClInclude Include="..\..\Src\Engine\IncreaseSpeedEC.h">
      <Filter>Components\Events</Filter>
    </ClInclude>
    <ClInclude Include="..\..\Src\Engine\ShotgunPowerUpC.h">
      <Filter>Components\Other</Filter>
    </ClInclude>
    <ClInclude Include="..\..\Src\Engine\OnEPressPickUpIC.h">
      <Filter>Components\Input</Filter>
    </ClInclude>
  </ItemGroup>
  <ItemGroup>
    <Filter Include="Components">
      <UniqueIdentifier>{d325e93c-cf22-47c6-821e-86562fa43217}</UniqueIdentifier>
    </Filter>
    <Filter Include="Components\Render">
      <UniqueIdentifier>{d22b7a44-7764-4681-95ce-71d1844dd498}</UniqueIdentifier>
    </Filter>
    <Filter Include="Components\Input">
      <UniqueIdentifier>{3f74a69f-58b1-433b-b20f-18579d3ed32f}</UniqueIdentifier>
    </Filter>
    <Filter Include="Components\Physics">
      <UniqueIdentifier>{561e28c0-3d44-44cb-b035-bdc1e0c15d6a}</UniqueIdentifier>
    </Filter>
    <Filter Include="Components\Sound">
      <UniqueIdentifier>{bf0ded21-d5c5-4e49-b114-b0569b303a4d}</UniqueIdentifier>
    </Filter>
    <Filter Include="Components\Other">
      <UniqueIdentifier>{1c0087e8-4d0c-46e9-b0d8-233264429ba6}</UniqueIdentifier>
    </Filter>
    <Filter Include="Components\Events">
      <UniqueIdentifier>{0b4a8c60-a03a-496c-ae82-948633e9c95e}</UniqueIdentifier>
    </Filter>
    <Filter Include="Misc">
      <UniqueIdentifier>{b9b702a4-bc26-40cd-b833-7cc3d5c06469}</UniqueIdentifier>
    </Filter>
    <Filter Include="Factories">
      <UniqueIdentifier>{112b0958-7791-44f3-b82e-2e1549a8afeb}</UniqueIdentifier>
    </Filter>
    <Filter Include="Ogre">
      <UniqueIdentifier>{6b3320cd-2427-4b3e-baa9-d0cb3d4947bc}</UniqueIdentifier>
    </Filter>
    <Filter Include="Core">
      <UniqueIdentifier>{3bdd63ef-0867-4a9e-8e92-43c6d542fed1}</UniqueIdentifier>
    </Filter>
    <Filter Include="Physics">
      <UniqueIdentifier>{9189077c-c1bd-4f40-a507-7ed3323e31ef}</UniqueIdentifier>
    </Filter>
  </ItemGroup>
</Project>