<?xml version="1.0" encoding="utf-8"?>
<Project ToolsVersion="4.0" xmlns="http://schemas.microsoft.com/developer/msbuild/2003">
  <ItemGroup>
    <Filter Include="Source Files">
      <UniqueIdentifier>{4FC737F1-C7A5-4376-A066-2A32D752A2FF}</UniqueIdentifier>
      <Extensions>cpp;c;cc;cxx;def;odl;idl;hpj;bat;asm;asmx</Extensions>
    </Filter>
    <Filter Include="Header Files">
      <UniqueIdentifier>{93995380-89BD-4b04-88EB-625FBE52EBFB}</UniqueIdentifier>
      <Extensions>h;hh;hpp;hxx;hm;inl;inc;ipp;xsd</Extensions>
    </Filter>
    <Filter Include="Resource Files">
      <UniqueIdentifier>{67DA6AB6-F800-4c08-8B7A-83BB121AAD01}</UniqueIdentifier>
      <Extensions>rc;ico;cur;bmp;dlg;rc2;rct;bin;rgs;gif;jpg;jpeg;jpe;resx;tiff;tif;png;wav;mfcribbon-ms</Extensions>
    </Filter>
  </ItemGroup>
  <ItemGroup>
    <ClCompile Include="..\..\Src\Engine\Application.cpp">
      <Filter>Source Files</Filter>
    </ClCompile>
    <ClCompile Include="..\..\Src\Engine\Entity.cpp">
      <Filter>Source Files</Filter>
    </ClCompile>
    <ClCompile Include="..\..\Src\Engine\PhysicsComponent.cpp">
      <Filter>Source Files</Filter>
    </ClCompile>
    <ClCompile Include="..\..\Src\Engine\SoundComponent.cpp">
      <Filter>Source Files</Filter>
    </ClCompile>
    <ClCompile Include="..\..\Src\Engine\Game.cpp">
      <Filter>Source Files</Filter>
    </ClCompile>
    <ClCompile Include="..\..\Src\Engine\InputComponent.cpp">
      <Filter>Source Files</Filter>
    </ClCompile>
    <ClCompile Include="..\..\Src\Engine\RenderComponent.cpp">
      <Filter>Source Files</Filter>
    </ClCompile>
    <ClCompile Include="..\..\Src\Engine\TestComponent.cpp">
      <Filter>Source Files</Filter>
    </ClCompile>
    <ClCompile Include="..\..\Src\Engine\Scene.cpp">
      <Filter>Source Files</Filter>
    </ClCompile>
    <ClCompile Include="..\..\Src\Engine\Factory.cpp">
      <Filter>Source Files</Filter>
    </ClCompile>
    <ClCompile Include="..\..\Src\Engine\FactoriesFactory.cpp">
      <Filter>Source Files</Filter>
    </ClCompile>
    <ClCompile Include="..\..\Src\Engine\Loader.cpp">
      <Filter>Source Files</Filter>
    </ClCompile>
    <ClCompile Include="..\..\Src\Engine\Component.cpp">
      <Filter>Source Files</Filter>
    </ClCompile>
    <ClCompile Include="..\..\Src\Engine\TransformComponent.cpp">
      <Filter>Source Files</Filter>
    </ClCompile>
    <ClCompile Include="..\..\Src\Engine\ComponentsManager.cpp">
      <Filter>Source Files</Filter>
    </ClCompile>
    <ClCompile Include="..\..\Src\Engine\OgreSDLContext.cpp">
      <Filter>Source Files</Filter>
    </ClCompile>
    <ClCompile Include="..\..\Src\Engine\TridimensionalObjectRC.cpp">
      <Filter>Source Files</Filter>
    </ClCompile>
    <ClCompile Include="..\..\Src\Engine\LightRC.cpp">
      <Filter>Source Files</Filter>
    </ClCompile>
    <ClCompile Include="..\..\src\Engine\CameraRC.cpp">
      <Filter>Source Files</Filter>
    </ClCompile>
  </ItemGroup>
  <ItemGroup>
    <ClInclude Include="..\..\Src\Engine\Entity.h">
      <Filter>Source Files</Filter>
    </ClInclude>
    <ClInclude Include="..\..\Src\Engine\PhysicsComponent.h">
      <Filter>Source Files</Filter>
    </ClInclude>
    <ClInclude Include="..\..\Src\Engine\SoundComponent.h">
      <Filter>Source Files</Filter>
    </ClInclude>
    <ClInclude Include="..\..\Src\Engine\Scene.h">
      <Filter>Source Files</Filter>
    </ClInclude>
    <ClInclude Include="..\..\Src\Engine\Game.h">
      <Filter>Source Files</Filter>
    </ClInclude>
    <ClInclude Include="..\..\Src\Engine\InputComponent.h">
      <Filter>Source Files</Filter>
    </ClInclude>
    <ClInclude Include="..\..\Src\Engine\RenderComponent.h">
      <Filter>Source Files</Filter>
    </ClInclude>
    <ClInclude Include="..\..\Src\Engine\TestComponent.h">
      <Filter>Source Files</Filter>
    </ClInclude>
    <ClInclude Include="..\..\Src\Engine\Factory.h">
      <Filter>Source Files</Filter>
    </ClInclude>
    <ClInclude Include="..\..\Src\Engine\FactoriesFactory.h">
      <Filter>Source Files</Filter>
    </ClInclude>
    <ClInclude Include="..\..\Src\Engine\Loader.h">
      <Filter>Source Files</Filter>
    </ClInclude>
    <ClInclude Include="..\..\Src\Engine\Component.h">
      <Filter>Source Files</Filter>
    </ClInclude>
    <ClInclude Include="..\..\Src\Engine\TransformComponent.h">
      <Filter>Source Files</Filter>
    </ClInclude>
    <ClInclude Include="..\..\Src\Engine\ComponentsManager.h">
      <Filter>Source Files</Filter>
    </ClInclude>
    <ClInclude Include="..\..\Src\Engine\OgreSDLContext.h">
      <Filter>Source Files</Filter>
    </ClInclude>
    <ClInclude Include="..\..\Src\Engine\checkML.h">
      <Filter>Source Files</Filter>
    </ClInclude>
    <ClInclude Include="..\..\Src\Engine\TridimensionalObjectRC.h">
      <Filter>Source Files</Filter>
    </ClInclude>
    <ClInclude Include="..\..\Src\Engine\LightRC.h">
      <Filter>Source Files</Filter>
    </ClInclude>
    <ClInclude Include="..\..\src\Engine\CameraRC.h">
      <Filter>Source Files</Filter>
    </ClInclude>
  </ItemGroup>
</Project>