<?xml version="1.0" encoding="utf-8"?>
<Project ToolsVersion="16.0" xmlns="http://schemas.microsoft.com/developer/msbuild/2003">
  <ItemGroup>
    <CustomBuild Include="U:\hlocal\global-engine\P3\ProyectoBase\Depedencias\bullet3-2.89\CMakeFiles\919fa9a70b1bc7d42115d1b3c8ce0864\INSTALL_force.rule">
      <Filter>CMake Rules</Filter>
    </CustomBuild>
  </ItemGroup>
  <ItemGroup>
    <Filter Include="CMake Rules">
      <UniqueIdentifier>{D0D84A8F-A810-3565-AD17-79FC3BEF711E}</UniqueIdentifier>
    </Filter>
  </ItemGroup>
</Project>
